
Microsoft Visual Studio Solution File, Format Version 12.00
# Visual Studio Version 16
VisualStudioVersion = 16.0.29509.3
MinimumVisualStudioVersion = 10.0.40219.1
Project("{FAE04EC0-301F-11D3-BF4B-00C04F79EFBC}") = "NHFirstSample", "NHFirstSample.csproj", "{2C8977B1-E0D9-4278-B199-436433B08938}"
EndProject
Project("{FAE04EC0-301F-11D3-BF4B-00C04F79EFBC}") = "NHFirstSample.Tests", "NHFirstSample.Tests\NHFirstSample.Tests.csproj", "{D1E41C1E-2028-4653-8672-2ECE1F81607D}"
EndProject
Global
	GlobalSection(SolutionConfigurationPlatforms) = preSolution
		Debug|Any CPU = Debug|Any CPU
		Release|Any CPU = Release|Any CPU
	EndGlobalSection
	GlobalSection(ProjectConfigurationPlatforms) = postSolution
		{2C8977B1-E0D9-4278-B199-436433B08938}.Debug|Any CPU.ActiveCfg = Debug|Any CPU
		{2C8977B1-E0D9-4278-B199-436433B08938}.Debug|Any CPU.Build.0 = Debug|Any CPU
		{2C8977B1-E0D9-4278-B199-436433B08938}.Release|Any CPU.ActiveCfg = Release|Any CPU
		{2C8977B1-E0D9-4278-B199-436433B08938}.Release|Any CPU.Build.0 = Release|Any CPU
		{D1E41C1E-2028-4653-8672-2ECE1F81607D}.Debug|Any CPU.ActiveCfg = Debug|Any CPU
		{D1E41C1E-2028-4653-8672-2ECE1F81607D}.Debug|Any CPU.Build.0 = Debug|Any CPU
		{D1E41C1E-2028-4653-8672-2ECE1F81607D}.Release|Any CPU.ActiveCfg = Release|Any CPU
		{D1E41C1E-2028-4653-8672-2ECE1F81607D}.Release|Any CPU.Build.0 = Release|Any CPU
	EndGlobalSection
	GlobalSection(SolutionProperties) = preSolution
		HideSolutionNode = FALSE
	EndGlobalSection
	GlobalSection(ExtensibilityGlobals) = postSolution
		SolutionGuid = {D7F5FBFC-61FF-44A3-B89A-C2CD54F27898}
	EndGlobalSection
EndGlobal
